{
  "version": "5",
  "specifiers": {
    "npm:@react-email/components@0.0.31": "0.0.31_react@18.3.1_react-dom@18.3.1",
    "npm:@supabase/supabase-js@2": "2.115.0",
    "npm:@types/react@18.3.1": "18.3.1",
    "npm:react-dom@18.3.1": "18.3.1_react@18.3.1",
    "npm:react@18.3.1": "18.3.1",
    "npm:svix@1.35.0": "1.35.0"
  },
  "npm": {
    "@react-email/body@0.0.11_react@18.3.1": {
      "integrity": "sha512-ZSD2SxVSgUjHGrB0Wi+4tu3MEpB4fYSbezsFNEJk2xCWDBkFiOeEsjTmR5dvi+CxTK691hQTQlHv0XWuP7ENTg==",
      "dependencies": [
        "react"
      ],
      "deprecated": true
    },
    "@react-email/button@0.0.19_react@18.3.1": {
      "integrity": "sha512-HYHrhyVGt7rdM/ls6FuuD6XE7fa7bjZTJqB2byn6/oGsfiEZaogY77OtoLL/mrQHjHjZiJadtAMSik9XLcm7+A==",
      "dependencies": [
        "react"
      ],
      "deprecated": true
    },
    "@react-email/code-block@0.0.11_react@18.3.1": {
      "integrity": "sha512-4D43p+LIMjDzm66gTDrZch0Flkip5je91mAT7iGs6+SbPyalHgIA+lFQoQwhz/VzHHLxuD0LV6gwmU/WUQ2WEg==",
      "dependencies": [
        "prismjs",
        "react"
      ],
      "deprecated": true
    },
    "@react-email/code-inline@0.0.5_react@18.3.1": {
      "integrity": "sha512-MmAsOzdJpzsnY2cZoPHFPk6uDO/Ncpb4Kh1hAt9UZc1xOW3fIzpe1Pi9y9p6wwUmpaeeDalJxAxH6/fnTquinA==",
      "dependencies": [
        "react"
      ],
      "deprecated": true
    },
    "@react-email/column@0.0.13_react@18.3.1": {
      "integrity": "sha512-Lqq17l7ShzJG/d3b1w/+lVO+gp2FM05ZUo/nW0rjxB8xBICXOVv6PqjDnn3FXKssvhO5qAV20lHM6S+spRhEwQ==",
      "dependencies": [
        "react"
      ],
      "deprecated": true
    },
    "@react-email/components@0.0.31_react@18.3.1_react-dom@18.3.1": {
      "integrity": "sha512-rQsTY9ajobncix9raexhBjC7O6cXUMc87eNez2gnB1FwtkUO8DqWZcktbtwOJi7GKmuAPTx0o/IOFtiBNXziKA==",
      "dependencies": [
        "@react-email/body",
        "@react-email/button",
        "@react-email/code-block",
        "@react-email/code-inline",
        "@react-email/column",
        "@react-email/container",
        "@react-email/font",
        "@react-email/head",
        "@react-email/heading",
        "@react-email/hr",
        "@react-email/html",
        "@react-email/img",
        "@react-email/link",
        "@react-email/markdown",
        "@react-email/preview",
        "@react-email/render",
        "@react-email/row",
        "@react-email/section",
        "@react-email/tailwind",
        "@react-email/text",
        "react"
      ],
      "deprecated": true
    },
    "@react-email/container@0.0.15_react@18.3.1": {
      "integrity": "sha512-Qo2IQo0ru2kZq47REmHW3iXjAQaKu4tpeq/M8m1zHIVwKduL2vYOBQWbC2oDnMtWPmkBjej6XxgtZByxM6cCFg==",
      "dependencies": [
        "react"
      ],
      "deprecated": true
    },
    "@react-email/font@0.0.9_react@18.3.1": {
      "integrity": "sha512-4zjq23oT9APXkerqeslPH3OZWuh5X4crHK6nx82mVHV2SrLba8+8dPEnWbaACWTNjOCbcLIzaC9unk7Wq2MIXw==",
      "dependencies": [
        "react"
      ],
      "deprecated": true
    },
    "@react-email/head@0.0.12_react@18.3.1": {
      "integrity": "sha512-X2Ii6dDFMF+D4niNwMAHbTkeCjlYYnMsd7edXOsi0JByxt9wNyZ9EnhFiBoQdqkE+SMDcu8TlNNttMrf5sJeMA==",
      "dependencies": [
        "react"
      ],
      "deprecated": true
    },
    "@react-email/heading@0.0.15_react@18.3.1": {
      "integrity": "sha512-xF2GqsvBrp/HbRHWEfOgSfRFX+Q8I5KBEIG5+Lv3Vb2R/NYr0s8A5JhHHGf2pWBMJdbP4B2WHgj/VUrhy8dkIg==",
      "dependencies": [
        "react"
      ],
      "deprecated": true
    },
    "@react-email/hr@0.0.11_react@18.3.1": {
      "integrity": "sha512-S1gZHVhwOsd1Iad5IFhpfICwNPMGPJidG/Uysy1AwmspyoAP5a4Iw3OWEpINFdgh9MHladbxcLKO2AJO+cA9Lw==",
      "dependencies": [
        "react"
      ],
      "deprecated": true
    },
    "@react-email/html@0.0.11_react@18.3.1": {
      "integrity": "sha512-qJhbOQy5VW5qzU74AimjAR9FRFQfrMa7dn4gkEXKMB/S9xZN8e1yC1uA9C15jkXI/PzmJ0muDIWmFwatm5/+VA==",
      "dependencies": [
        "react"
      ],
      "deprecated": true
    },
    "@react-email/img@0.0.11_react@18.3.1": {
      "integrity": "sha512-aGc8Y6U5C3igoMaqAJKsCpkbm1XjguQ09Acd+YcTKwjnC2+0w3yGUJkjWB2vTx4tN8dCqQCXO8FmdJpMfOA9EQ==",
      "dependencies": [
        "react"
      ],
      "deprecated": true
    },
    "@react-email/link@0.0.12_react@18.3.1": {
      "integrity": "sha512-vF+xxQk2fGS1CN7UPQDbzvcBGfffr+GjTPNiWM38fhBfsLv6A/YUfaqxWlmL7zLzVmo0K2cvvV9wxlSyNba1aQ==",
      "dependencies": [
        "react"
      ],
      "deprecated": true
    },
    "@react-email/markdown@0.0.14_react@18.3.1": {
      "integrity": "sha512-5IsobCyPkb4XwnQO8uFfGcNOxnsg3311GRXhJ3uKv51P7Jxme4ycC/MITnwIZ10w2zx7HIyTiqVzTj4XbuIHbg==",
      "dependencies": [
        "md-to-react-email",
        "react"
      ],
      "deprecated": true
    },
    "@react-email/preview@0.0.12_react@18.3.1": {
      "integrity": "sha512-g/H5fa9PQPDK6WUEG7iTlC19sAktI23qyoiJtMLqQiXFCfWeQMhqjLGKeLSKkfzszqmfJCjZtpSiKtBoOdxp3Q==",
      "dependencies": [
        "react"
      ],
      "deprecated": true
    },
    "@react-email/render@1.0.3_react@18.3.1_react-dom@18.3.1": {
      "integrity": "sha512-VQ8g4SuIq/jWdfBTdTjb7B8Np0jj+OoD7VebfdHhLTZzVQKesR2aigpYqE/ZXmwj4juVxDm8T2b6WIIu48rPCg==",
      "dependencies": [
        "html-to-text",
        "prettier",
        "react",
        "react-dom",
        "react-promise-suspense"
      ]
    },
    "@react-email/row@0.0.12_react@18.3.1": {
      "integrity": "sha512-HkCdnEjvK3o+n0y0tZKXYhIXUNPDx+2vq1dJTmqappVHXS5tXS6W5JOPZr5j+eoZ8gY3PShI2LWj5rWF7ZEtIQ==",
      "dependencies": [
        "react"
      ],
      "deprecated": true
    },
    "@react-email/section@0.0.16_react@18.3.1": {
      "integrity": "sha512-FjqF9xQ8FoeUZYKSdt8sMIKvoT9XF8BrzhT3xiFKdEMwYNbsDflcjfErJe3jb7Wj/es/lKTbV5QR1dnLzGpL3w==",
      "dependencies": [
        "react"
      ],
      "deprecated": true
    },
    "@react-email/tailwind@1.0.4_react@18.3.1": {
      "integrity": "sha512-tJdcusncdqgvTUYZIuhNC6LYTfL9vNTSQpwWdTCQhQ1lsrNCEE4OKCSdzSV3S9F32pi0i0xQ+YPJHKIzGjdTSA==",
      "dependencies": [
        "react"
      ],
      "deprecated": true
    },
    "@react-email/text@0.0.11_react@18.3.1": {
      "integrity": "sha512-a7nl/2KLpRHOYx75YbYZpWspUbX1DFY7JIZbOv5x0QU8SvwDbJt+Hm01vG34PffFyYvHEXrc6Qnip2RTjljNjg==",
      "dependencies": [
        "react"
      ],
      "deprecated": true
    },
    "@selderee/plugin-htmlparser2@0.11.0": {
      "integrity": "sha512-P33hHGdldxGabLFjPPpaTxVolMrzrcegejx+0GxjrIb9Zv48D8yAIA/QTDR2dFl7Uz7urX8aX6+5bCZslr+gWQ==",
      "dependencies": [
        "domhandler",
        "selderee"
      ]
    },
    "@stablelib/base64@1.0.1": {
      "integrity": "sha512-1bnPQqSxSuc3Ii6MhBysoWCg58j97aUjuCSZrGSmDxNqtytIi0k8utUenAwTZN4V5mXXYGsVUI9zeBqy+jBOSQ=="
    },
    "@supabase/auth-js@2.115.0": {
      "integrity": "sha512-YNQlQWm1H0gsXHSY8Jd/xepBhjO0Zhwx04iW17A83/joQ5kFiUin6iPj9s9kZZvupnwLjXVP/diTFiLz2jUbwQ==",
      "dependencies": [
        "tslib"
      ]
    },
    "@supabase/functions-js@2.115.0": {
      "integrity": "sha512-p97V6/YFcdp+zblFDVJaE8f9rGKTNz0PRzyJ2d1w/EYIU5lwidKuc3l/wM+u27ACmAC62albvoGiUGzLPSg7Aw==",
      "dependencies": [
        "tslib"
      ]
    },
    "@supabase/phoenix@0.4.5": {
      "integrity": "sha512-aAn9H9ovVyeApKy11OWOrrOGq8DV68yWeH4ud2lN9fzn4aO8Zb5GLL9m1pUg9nLqIcT+ZDfAcsZe0E/nqdv2lw=="
    },
    "@supabase/postgrest-js@2.115.0": {
      "integrity": "sha512-DdERcurLh5t84pgSywDg2LjLR5le7XAzl52/iQhC7FdboWDqGfDPMfaWJV3MHvhyxSlSNzbpSQG+RiQOBSn/4w==",
      "dependencies": [
        "tslib"
      ]
    },
    "@supabase/realtime-js@2.115.0": {
      "integrity": "sha512-5HyBkvlA/IUV2v8jX3uLTdy15jmTPRVXwXKoxvH2SKw5jZMNURxCxt+VpCEukscXQlY7pUpH8Cy4NH6io4iaRw==",
      "dependencies": [
        "@supabase/phoenix",
        "tslib"
      ]
    },
    "@supabase/storage-js@2.115.0": {
      "integrity": "sha512-dLyIxzbO+MCcKHhcce8rVUCQX1iyqXqQ8ytgkOVYJ7D+Zp0qKylPtQH3hamgxrGSxtDjaw47Urpzw2iK9PsKdA==",
      "dependencies": [
        "iceberg-js",
        "tslib"
      ]
    },
    "@supabase/supabase-js@2.115.0": {
      "integrity": "sha512-PYJSxtCo37R7tTZW6pAqsxUeSx/dlhA7zn8RzKEUSCqyTxCUhG+iHrDTb04UyVBYbttaUbhwkNTvb8h5HW+uZA==",
      "dependencies": [
        "@supabase/auth-js",
        "@supabase/functions-js",
        "@supabase/postgrest-js",
        "@supabase/realtime-js",
        "@supabase/storage-js"
      ]
    },
    "@types/prop-types@15.7.15": {
      "integrity": "sha512-F6bEyamV9jKGAFBEmlQnesRPGOQqS2+Uwi0Em15xenOxHaf2hv6L8YCVn3rPdPJOiJfPiCnLIRyvwVaqMY3MIw=="
    },
    "@types/react@18.3.1": {
      "integrity": "sha512-V0kuGBX3+prX+DQ/7r2qsv1NsdfnCLnTgnRJ1pYnxykBhGMz+qj+box5lq7XsO5mtZsBqpjwwTu/7wszPfMBcw==",
      "dependencies": [
        "@types/prop-types",
        "csstype"
      ]
    },
    "csstype@3.2.3": {
      "integrity": "sha512-z1HGKcYy2xA8AGQfwrn0PAy+PB7X/GSj3UVJW9qKyn43xWa+gl5nXmU4qqLMRzWVLFC8KusUX8T/0kCiOYpAIQ=="
    },
    "deepmerge@4.3.1": {
      "integrity": "sha512-3sUqbMEc77XqpdNO7FRyRog+eW3ph+GYCbj+rK+uYyRMuwsVy0rMiVtPn+QJlKFvWP/1PYpapqYn0Me2knFn+A=="
    },
    "dom-serializer@2.0.0": {
      "integrity": "sha512-wIkAryiqt/nV5EQKqQpo3SToSOV9J0DnbJqwK7Wv/Trc92zIAYZ4FlMu+JPFW1DfGFt81ZTCGgDEabffXeLyJg==",
      "dependencies": [
        "domelementtype",
        "domhandler",
        "entities"
      ]
    },
    "domelementtype@2.3.0": {
      "integrity": "sha512-OLETBj6w0OsagBwdXnPdN0cnMfF9opN69co+7ZrbfPGrdpPVNBUj02spi6B1N7wChLQiPn4CSH/zJvXw56gmHw=="
    },
    "domhandler@5.0.3": {
      "integrity": "sha512-cgwlv/1iFQiFnU96XXgROh8xTeetsnJiDsTc7TYCLFd9+/WNkIqPTxiM/8pSd8VIrhXGTf1Ny1q1hquVqDJB5w==",
      "dependencies": [
        "domelementtype"
      ]
    },
    "domutils@3.2.2": {
      "integrity": "sha512-6kZKyUajlDuqlHKVX1w7gyslj9MPIXzIFiz/rGu35uC1wMi+kMhQwGhl4lt9unC9Vb9INnY9Z3/ZA3+FhASLaw==",
      "dependencies": [
        "dom-serializer",
        "domelementtype",
        "domhandler"
      ]
    },
    "entities@4.5.0": {
      "integrity": "sha512-V0hjH4dGPh9Ao5p0MoRY6BVqtwCjhz6vI5LT8AJ55H+4g9/4vbHx1I54fS0XuclLhDHArPQCiMjDxjaL8fPxhw=="
    },
    "es6-promise@4.2.8": {
      "integrity": "sha512-HJDGx5daxeIvxdBxvG2cb9g4tEvwIk3i8+nhX0yGrYmZUzbkdg8QbDevheDB8gd0//uPj4c1EQua8Q+MViT0/w=="
    },
    "fast-deep-equal@2.0.1": {
      "integrity": "sha512-bCK/2Z4zLidyB4ReuIsvALH6w31YfAQDmXMqMx6FyfHqvBxtjC0eRumeSu4Bs3XtXwpyIywtSTrVT99BxY1f9w=="
    },
    "fast-sha256@1.3.0": {
      "integrity": "sha512-n11RGP/lrWEFI/bWdygLxhI+pVeo1ZYIVwvvPkW7azl/rOy+F3HYRZ2K5zeE9mmkhQppyv9sQFx0JM9UabnpPQ=="
    },
    "html-to-text@9.0.5": {
      "integrity": "sha512-qY60FjREgVZL03vJU6IfMV4GDjGBIoOyvuFdpBDIX9yTlDw0TjxVBQp+P8NvpdIXNJvfWBTNul7fsAQJq2FNpg==",
      "dependencies": [
        "@selderee/plugin-htmlparser2",
        "deepmerge",
        "dom-serializer",
        "htmlparser2",
        "selderee"
      ]
    },
    "htmlparser2@8.0.2": {
      "integrity": "sha512-GYdjWKDkbRLkZ5geuHs5NY1puJ+PXwP7+fHPRz06Eirsb9ugf6d8kkXav6ADhcODhFFPMIXyxkxSuMf3D6NCFA==",
      "dependencies": [
        "domelementtype",
        "domhandler",
        "domutils",
        "entities"
      ]
    },
    "iceberg-js@0.8.1": {
      "integrity": "sha512-1dhVQZXhcHje7798IVM+xoo/1ZdVfzOMIc8/rgVSijRK38EDqOJoGula9N/8ZI5RD8QTxNQtK/Gozpr+qUqRRA=="
    },
    "js-tokens@4.0.0": {
      "integrity": "sha512-RdJUflcE3cUzKiMqQgsCu06FPu9UdIJO0beYbPhHN4k6apgJtifcoCtT9bcxOpYBtpD2kCM6Sbzg4CausW/PKQ=="
    },
    "leac@0.6.0": {
      "integrity": "sha512-y+SqErxb8h7nE/fiEX07jsbuhrpO9lL8eca7/Y1nuWV2moNlXhyd59iDGcRf6moVyDMbmTNzL40SUyrFU/yDpg=="
    },
    "loose-envify@1.4.0": {
      "integrity": "sha512-lyuxPGr/Wfhrlem2CL/UcnUc1zcqKAImBDzukY7Y5F/yQiNdko6+fRLevlw1HgMySw7f611UIY408EtxRSoK3Q==",
      "dependencies": [
        "js-tokens"
      ],
      "bin": true
    },
    "marked@7.0.4": {
      "integrity": "sha512-t8eP0dXRJMtMvBojtkcsA7n48BkauktUKzfkPSCq85ZMTJ0v76Rke4DYz01omYpPTUh4p/f7HePgRo3ebG8+QQ==",
      "bin": true
    },
    "md-to-react-email@5.0.5_react@18.3.1": {
      "integrity": "sha512-OvAXqwq57uOk+WZqFFNCMZz8yDp8BD3WazW1wAKHUrPbbdr89K9DWS6JXY09vd9xNdPNeurI8DU/X4flcfaD8A==",
      "dependencies": [
        "marked",
        "react"
      ]
    },
    "node-fetch@2.7.0": {
      "integrity": "sha512-c4FRfUm/dbcWZ7U+1Wq0AwCyFL+3nt2bEw05wfxSz+DWpWsitgmSgYmy2dQdWyKC1694ELPqMs/YzUSNozLt8A==",
      "dependencies": [
        "whatwg-url"
      ]
    },
    "parseley@0.12.1": {
      "integrity": "sha512-e6qHKe3a9HWr0oMRVDTRhKce+bRO8VGQR3NyVwcjwrbhMmFCX9KszEV35+rn4AdilFAq9VPxP/Fe1wC9Qjd2lw==",
      "dependencies": [
        "leac",
        "peberminta"
      ]
    },
    "peberminta@0.9.0": {
      "integrity": "sha512-XIxfHpEuSJbITd1H3EeQwpcZbTLHc+VVr8ANI9t5sit565tsI4/xK3KWTUFE2e6QiangUkh3B0jihzmGnNrRsQ=="
    },
    "prettier@3.3.3": {
      "integrity": "sha512-i2tDNA0O5IrMO757lfrdQZCc2jPNDVntV0m/+4whiDfWaTKfMNgR7Qz0NAeGz/nRqF4m5/6CLzbP4/liHt12Ew==",
      "bin": true
    },
    "prismjs@1.29.0": {
      "integrity": "sha512-Kx/1w86q/epKcmte75LNrEoT+lX8pBpavuAbvJWRXar7Hz8jrtF+e3vY751p0R8H9HdArwaCTNDDzHg/ScJK1Q=="
    },
    "querystringify@2.2.0": {
      "integrity": "sha512-FIqgj2EUvTa7R50u0rGsyTftzjYmv/a3hO345bZNrqabNqjtgiDMgmo4mkUjd+nzU5oF3dClKqFIPUKybUyqoQ=="
    },
    "react-dom@18.3.1_react@18.3.1": {
      "integrity": "sha512-5m4nQKp+rZRb09LNH59GM4BxTh9251/ylbKIbpe7TpGxfJ+9kv6BLkLBXIjjspbgbnIBNqlI23tRnTWT0snUIw==",
      "dependencies": [
        "loose-envify",
        "react",
        "scheduler"
      ]
    },
    "react-promise-suspense@0.3.4": {
      "integrity": "sha512-I42jl7L3Ze6kZaq+7zXWSunBa3b1on5yfvUW6Eo/3fFOj6dZ5Bqmcd264nJbTK/gn1HjjILAjSwnZbV4RpSaNQ==",
      "dependencies": [
        "fast-deep-equal"
      ]
    },
    "react@18.3.1": {
      "integrity": "sha512-wS+hAgJShR0KhEvPJArfuPVN1+Hz1t0Y6n5jLrGQbkb4urgPE/0Rve+1kMB1v/oWgHgm4WIcV+i7F2pTVj+2iQ==",
      "dependencies": [
        "loose-envify"
      ]
    },
    "requires-port@1.0.0": {
      "integrity": "sha512-KigOCHcocU3XODJxsu8i/j8T9tzT4adHiecwORRQ0ZZFcp7ahwXuRU1m+yuO90C5ZUyGeGfocHDI14M3L3yDAQ=="
    },
    "scheduler@0.23.2": {
      "integrity": "sha512-UOShsPwz7NrMUqhR6t0hWjFduvOzbtv7toDH1/hIrfRNIDBnnBWd0CwJTGvTpngVlmwGCdP9/Zl/tVrDqcuYzQ==",
      "dependencies": [
        "loose-envify"
      ]
    },
    "selderee@0.11.0": {
      "integrity": "sha512-5TF+l7p4+OsnP8BCCvSyZiSPc4x4//p5uPwK8TCnVPJYRmU2aYKMpOXvw8zM5a5JvuuCGN1jmsMwuU2W02ukfA==",
      "dependencies": [
        "parseley"
      ]
    },
    "svix-fetch@3.0.0": {
      "integrity": "sha512-rcADxEFhSqHbraZIsjyZNh4TF6V+koloX1OzZ+AQuObX9mZ2LIMhm1buZeuc5BIZPftZpJCMBsSiBaeszo9tRw==",
      "dependencies": [
        "node-fetch",
        "whatwg-fetch"
      ]
    },
    "svix@1.35.0": {
      "integrity": "sha512-YXocwu/isOywSnzcoZsIZddz6g4BVRIZJVSiM+g6EpaFLt8SOt2r+iAuqIy95LTl+3TdxhHB1Ba5vjiOF2m7Ow==",
      "dependencies": [
        "@stablelib/base64",
        "es6-promise",
        "fast-sha256",
        "svix-fetch",
        "url-parse"
      ]
    },
    "tr46@0.0.3": {
      "integrity": "sha512-N3WMsuqV66lT30CrXNbEjx4GEwlow3v6rr4mCcv6prnfwhS01rkgyFdjPNBYd9br7LpXV1+Emh01fHnq2Gdgrw=="
    },
    "tslib@2.8.1": {
      "integrity": "sha512-oJFu94HQb+KVduSUQL7wnpmqnfmLsOA/nAh6b6EH0wCEoK0/mPeXU6c3wKDV83MkOuHPRHtSXKKU99IBazS/2w=="
    },
    "url-parse@1.5.10": {
      "integrity": "sha512-WypcfiRhfeUP9vvF0j6rw0J3hrWrw6iZv3+22h6iRMJ/8z1Tj6XfLP4DsUix5MhMPnXpiHDoKyoZ/bdCkwBCiQ==",
      "dependencies": [
        "querystringify",
        "requires-port"
      ]
    },
    "webidl-conversions@3.0.1": {
      "integrity": "sha512-2JAn3z8AR6rjK8Sm8orRC0h/bcl/DqL7tRPdGZ4I1CjdF+EaMLmYxBHyXuKL849eucPFhvBoxMsflfOb8kxaeQ=="
    },
    "whatwg-fetch@3.6.20": {
      "integrity": "sha512-EqhiFU6daOA8kpjOWTL0olhVOF3i7OrFzSYiGsEMB8GcXS+RrzauAERX65xMeNWVqxA6HXH2m69Z9LaKKdisfg=="
    },
    "whatwg-url@5.0.0": {
      "integrity": "sha512-saE57nupxk6v3HY35+jzBwYa0rKSy0XR8JSxZPwgLr7ys0IBzhGviA1/TUGJLmSVqs8pb9AnvICXEuOHLprYTw==",
      "dependencies": [
        "tr46",
        "webidl-conversions"
      ]
    }
  },
  "workspace": {
    "dependencies": [
      "npm:@types/react@18.3.1",
      "npm:react@18.3.1"
    ]
  }
}
